
Microsoft Visual Studio Solution File, Format Version 12.00
# Visual Studio Version 17
VisualStudioVersion = 17.10.35122.118
MinimumVisualStudioVersion = 10.0.40219.1
Project("{8BC9CEB8-8B4A-11D0-8D11-00A0C91BC942}") = "Window_Editor", "Window_Editor\Window_Editor.vcxproj", "{048A63C5-3602-41EB-8291-57AE9699E513}"
EndProject
Project("{8BC9CEB8-8B4A-11D0-8D11-00A0C91BC942}") = "MEGA_ENGINE", "MEGA_ENGINE\MEGA_ENGINE.vcxproj", "{6820B5A7-4982-414E-A826-46156B9F752F}"
EndProject
Project("{8BC9CEB8-8B4A-11D0-8D11-00A0C91BC942}") = "MEGA_ENGINE_SOURCE", "MEGA_ENGINE_SOURCE\MEGA_ENGINE_SOURCE.vcxitems", "{3F775CF3-B708-40B4-863F-AAAF058540FD}"
EndProject
Global
	GlobalSection(SolutionConfigurationPlatforms) = preSolution
		Debug|x64 = Debug|x64
		Debug|x86 = Debug|x86
		Release|x64 = Release|x64
		Release|x86 = Release|x86
	EndGlobalSection
	GlobalSection(ProjectConfigurationPlatforms) = postSolution
		{048A63C5-3602-41EB-8291-57AE9699E513}.Debug|x64.ActiveCfg = Debug|x64
		{048A63C5-3602-41EB-8291-57AE9699E513}.Debug|x64.Build.0 = Debug|x64
		{048A63C5-3602-41EB-8291-57AE9699E513}.Debug|x86.ActiveCfg = Debug|Win32
		{048A63C5-3602-41EB-8291-57AE9699E513}.Debug|x86.Build.0 = Debug|Win32
		{048A63C5-3602-41EB-8291-57AE9699E513}.Release|x64.ActiveCfg = Release|x64
		{048A63C5-3602-41EB-8291-57AE9699E513}.Release|x64.Build.0 = Release|x64
		{048A63C5-3602-41EB-8291-57AE9699E513}.Release|x86.ActiveCfg = Release|Win32
		{048A63C5-3602-41EB-8291-57AE9699E513}.Release|x86.Build.0 = Release|Win32
		{6820B5A7-4982-414E-A826-46156B9F752F}.Debug|x64.ActiveCfg = Debug|x64
		{6820B5A7-4982-414E-A826-46156B9F752F}.Debug|x64.Build.0 = Debug|x64
		{6820B5A7-4982-414E-A826-46156B9F752F}.Debug|x86.ActiveCfg = Debug|Win32
		{6820B5A7-4982-414E-A826-46156B9F752F}.Debug|x86.Build.0 = Debug|Win32
		{6820B5A7-4982-414E-A826-46156B9F752F}.Release|x64.ActiveCfg = Release|x64
		{6820B5A7-4982-414E-A826-46156B9F752F}.Release|x64.Build.0 = Release|x64
		{6820B5A7-4982-414E-A826-46156B9F752F}.Release|x86.ActiveCfg = Release|Win32
		{6820B5A7-4982-414E-A826-46156B9F752F}.Release|x86.Build.0 = Release|Win32
	EndGlobalSection
	GlobalSection(SolutionProperties) = preSolution
		HideSolutionNode = FALSE
	EndGlobalSection
	GlobalSection(ExtensibilityGlobals) = postSolution
		SolutionGuid = {FB934A79-C7AA-451C-8C58-CBFA6AD1B8E8}
	EndGlobalSection
	GlobalSection(SharedMSBuildProjectFiles) = preSolution
		MEGA_ENGINE_SOURCE\MEGA_ENGINE_SOURCE.vcxitems*{3f775cf3-b708-40b4-863f-aaaf058540fd}*SharedItemsImports = 9
		MEGA_ENGINE_SOURCE\MEGA_ENGINE_SOURCE.vcxitems*{6820b5a7-4982-414e-a826-46156b9f752f}*SharedItemsImports = 4
	EndGlobalSection
EndGlobal
