<?xml version="1.0" encoding="utf-8"?>
<Project ToolsVersion="4.0" xmlns="http://schemas.microsoft.com/developer/msbuild/2003">
  <ItemGroup>
    <ClCompile Include="$(MSBuildThisFileDirectory)MEGA_APP.cpp" />
    <ClCompile Include="$(MSBuildThisFileDirectory)MEGA_GameObject.cpp" />
    <ClCompile Include="$(MSBuildThisFileDirectory)MEGA_Component.cpp">
      <Filter>Component</Filter>
    </ClCompile>
    <ClCompile Include="$(MSBuildThisFileDirectory)MEGA_Scene.cpp">
      <Filter>Scnen</Filter>
    </ClCompile>
    <ClCompile Include="$(MSBuildThisFileDirectory)MEGA_SceneManager.cpp">
      <Filter>Scnen</Filter>
    </ClCompile>
    <ClCompile Include="$(MSBuildThisFileDirectory)MEGA_SceneName.cpp">
      <Filter>Scnen</Filter>
    </ClCompile>
    <ClCompile Include="$(MSBuildThisFileDirectory)MEGA_Input.cpp">
      <Filter>Interface</Filter>
    </ClCompile>
    <ClCompile Include="$(MSBuildThisFileDirectory)MEGA_SpriteRenderer.cpp">
      <Filter>Component</Filter>
    </ClCompile>
    <ClCompile Include="$(MSBuildThisFileDirectory)MEGA_Transform.cpp">
      <Filter>Component</Filter>
    </ClCompile>
    <ClCompile Include="$(MSBuildThisFileDirectory)MEGA_Time.cpp">
      <Filter>Helpers</Filter>
    </ClCompile>
    <ClCompile Include="$(MSBuildThisFileDirectory)MEGA_Math.cpp">
      <Filter>Common</Filter>
    </ClCompile>
    <ClCompile Include="$(MSBuildThisFileDirectory)MEGA_Resource.cpp">
      <Filter>Resource</Filter>
    </ClCompile>
    <ClCompile Include="$(MSBuildThisFileDirectory)MEGA_Resources.cpp">
      <Filter>Resource</Filter>
    </ClCompile>
    <ClCompile Include="$(MSBuildThisFileDirectory)MEGA_Texture.cpp">
      <Filter>Resource\Texture</Filter>
    </ClCompile>
    <ClCompile Include="$(MSBuildThisFileDirectory)MEGA_Layer.cpp">
      <Filter>Layer</Filter>
    </ClCompile>
  </ItemGroup>
  <ItemGroup>
    <ClInclude Include="$(MSBuildThisFileDirectory)MEGA_APP.h" />
    <ClInclude Include="$(MSBuildThisFileDirectory)MEGA_GameObject.h" />
    <ClInclude Include="$(MSBuildThisFileDirectory)MEGA_Component.h">
      <Filter>Component</Filter>
    </ClInclude>
    <ClInclude Include="$(MSBuildThisFileDirectory)CommonInclude.h">
      <Filter>Common</Filter>
    </ClInclude>
    <ClInclude Include="$(MSBuildThisFileDirectory)MEGA_Scene.h">
      <Filter>Scnen</Filter>
    </ClInclude>
    <ClInclude Include="$(MSBuildThisFileDirectory)MEGA_SceneManager.h">
      <Filter>Scnen</Filter>
    </ClInclude>
    <ClInclude Include="$(MSBuildThisFileDirectory)MEGA_SceneName.h">
      <Filter>Scnen</Filter>
    </ClInclude>
    <ClInclude Include="$(MSBuildThisFileDirectory)MEGA_Input.h">
      <Filter>Interface</Filter>
    </ClInclude>
    <ClInclude Include="$(MSBuildThisFileDirectory)MEGA_SpriteRenderer.h">
      <Filter>Component</Filter>
    </ClInclude>
    <ClInclude Include="$(MSBuildThisFileDirectory)MEGA_Transform.h">
      <Filter>Component</Filter>
    </ClInclude>
    <ClInclude Include="$(MSBuildThisFileDirectory)MEGA_Time.h">
      <Filter>Helpers</Filter>
    </ClInclude>
    <ClInclude Include="$(MSBuildThisFileDirectory)MEGA_Math.h">
      <Filter>Common</Filter>
    </ClInclude>
    <ClInclude Include="$(MSBuildThisFileDirectory)MEGA_Eaums.h">
      <Filter>Common</Filter>
    </ClInclude>
    <ClInclude Include="$(MSBuildThisFileDirectory)MEGA_Object.h">
      <Filter>Common</Filter>
    </ClInclude>
    <ClInclude Include="$(MSBuildThisFileDirectory)MEGA_Resource.h">
      <Filter>Resource</Filter>
    </ClInclude>
    <ClInclude Include="$(MSBuildThisFileDirectory)MEGA_Resources.h">
      <Filter>Resource</Filter>
    </ClInclude>
    <ClInclude Include="$(MSBuildThisFileDirectory)MEGA_Texture.h">
      <Filter>Resource\Texture</Filter>
    </ClInclude>
    <ClInclude Include="$(MSBuildThisFileDirectory)MEGA_Layer.h">
      <Filter>Layer</Filter>
    </ClInclude>
  </ItemGroup>
  <ItemGroup>
    <Filter Include="Common">
      <UniqueIdentifier>{361e0ca0-3bb5-4b95-a6ce-15ac48c1186b}</UniqueIdentifier>
    </Filter>
    <Filter Include="Component">
      <UniqueIdentifier>{f6b851b1-a5e5-4337-8201-51d298f25638}</UniqueIdentifier>
    </Filter>
    <Filter Include="Scnen">
      <UniqueIdentifier>{38afc29c-df78-40f3-b181-9ef467609d35}</UniqueIdentifier>
    </Filter>
    <Filter Include="Interface">
      <UniqueIdentifier>{276f6ddc-7834-4b41-877e-976d22021ab9}</UniqueIdentifier>
    </Filter>
    <Filter Include="Helpers">
      <UniqueIdentifier>{b1038d19-bfc3-47ef-9e08-cee18b1959be}</UniqueIdentifier>
    </Filter>
    <Filter Include="Resource">
      <UniqueIdentifier>{1f72df27-d3d0-4786-b6a2-b3dc588adb73}</UniqueIdentifier>
    </Filter>
    <Filter Include="Resource\Texture">
      <UniqueIdentifier>{fdf929f9-dd80-441c-b034-ae71c26df023}</UniqueIdentifier>
    </Filter>
    <Filter Include="Layer">
      <UniqueIdentifier>{e138d540-310c-49af-85ab-039bcd766754}</UniqueIdentifier>
    </Filter>
  </ItemGroup>
</Project>